{
  "name": "pl-calculator",
  "lockfileVersion": 3,
  "requires": true,
  "packages": {
    "": {
      "dependencies": {
        "@cortex-js/compute-engine": "^0.55.6",
        "mathlive": "^0.109.1"
      }
    },
    "node_modules/@arnog/colors": {
      "version": "0.3.0",
      "resolved": "https://registry.npmjs.org/@arnog/colors/-/colors-0.3.0.tgz",
      "integrity": "sha512-CDZFMVWeE3HqcrzvacY2Y8257RS9c0f8+D+MWjbjmb5IWpOZPPeJSqWyxkVcFleCjA+x5aq6foc57cVaP+AMQg==",
      "license": "MIT"
    },
    "node_modules/@cortex-js/compute-engine": {
      "version": "0.55.6",
      "resolved": "https://registry.npmjs.org/@cortex-js/compute-engine/-/compute-engine-0.55.6.tgz",
      "integrity": "sha512-lWnZ34gtFpUDpFmEMdsL+5HJuh7hyj0DoaZhVTFnVtGX2Rf7qFyD+zgTs1vY9h2qhcpKymiakE6evvWzI6kwtA==",
      "license": "MIT",
      "dependencies": {
        "@arnog/colors": "^0.3.0",
        "complex-esm": "^2.1.1-esm1",
        "decimal.js": "^10.6.0"
      },
      "engines": {
        "node": ">=21.7.3",
        "npm": ">=10.5.0"
      }
    },
    "node_modules/complex-esm": {
      "version": "2.1.1-esm1",
      "resolved": "https://registry.npmjs.org/complex-esm/-/complex-esm-2.1.1-esm1.tgz",
      "integrity": "sha512-IShBEWHILB9s7MnfyevqNGxV0A1cfcSnewL/4uPFiSxkcQL4Mm3FxJ0pXMtCXuWLjYz3lRRyk6OfkeDZcjD6nw==",
      "license": "MIT",
      "engines": {
        "node": ">=16.14.2",
        "npm": ">=8.5.0"
      }
    },
    "node_modules/decimal.js": {
      "version": "10.6.0",
      "resolved": "https://registry.npmjs.org/decimal.js/-/decimal.js-10.6.0.tgz",
      "integrity": "sha512-YpgQiITW3JXGntzdUmyUR1V812Hn8T1YVXhCu+wO3OpS4eU9l4YdD3qjyiKdV6mvV29zapkMeD390UVEf2lkUg==",
      "license": "MIT"
    },
    "node_modules/mathlive": {
      "version": "0.109.1",
      "resolved": "https://registry.npmjs.org/mathlive/-/mathlive-0.109.1.tgz",
      "integrity": "sha512-TXNkTzdJnk/6SFt0Oezy3bpZkH7aCDriuh2usLhVX8dMS5TMmx/rLd7+T1W2b9VCbEZcXABzhmm6ZMxYr8sFXg==",
      "license": "MIT",
      "dependencies": {
        "@cortex-js/compute-engine": "0.30.2"
      },
      "funding": {
        "type": "individual",
        "url": "https://paypal.me/arnogourdol"
      }
    },
    "node_modules/mathlive/node_modules/@cortex-js/compute-engine": {
      "version": "0.30.2",
      "resolved": "https://registry.npmjs.org/@cortex-js/compute-engine/-/compute-engine-0.30.2.tgz",
      "integrity": "sha512-Zx+iisk9WWdbxjm8EYsneIBszvjfUs7BHNwf1jBtSINIgfWGpHrTTq9vW0J59iGCFt6bOFxbmWyxNMRSmksHMA==",
      "license": "MIT",
      "dependencies": {
        "complex-esm": "^2.1.1-esm1",
        "decimal.js": "^10.6.0"
      },
      "engines": {
        "node": ">=21.7.3",
        "npm": ">=10.5.0"
      }
    }
  }
}
